PODS:
  - Bolts (1.8.4):
    - Bolts/AppLinks (= 1.8.4)
    - Bolts/Tasks (= 1.8.4)
  - Bolts/AppLinks (1.8.4):
    - Bolts/Tasks
  - Bolts/Tasks (1.8.4)
  - CodePush (1.12.2):
    - CodePush/Core (= 1.12.2)
    - CodePush/SSZipArchive (= 1.12.2)
    - React
  - CodePush/Core (1.12.2):
    - React
  - CodePush/SSZipArchive (1.12.2):
    - React
  - FBSDKCoreKit (4.14.0):
    - Bolts (~> 1.7)
  - FBSDKLoginKit (4.14.0):
    - FBSDKCoreKit
  - FBSDKShareKit (4.14.0):
    - FBSDKCoreKit
  - React (0.28.0):
    - React/Core (= 0.28.0)
  - react-native-fbsdk/Core (0.3.0):
    - FBSDKCoreKit
    - React
  - react-native-fbsdk/Login (0.3.0):
    - FBSDKLoginKit
    - React
  - react-native-fbsdk/Share (0.3.0):
    - FBSDKShareKit
    - React
  - React/Core (0.28.0)
  - React/RCTActionSheet (0.28.0):
    - React/Core
  - React/RCTImage (0.28.0):
    - React/Core
    - React/RCTNetwork
  - React/RCTLinkingIOS (0.28.0):
    - React/Core
  - React/RCTNetwork (0.28.0):
    - React/Core
  - React/RCTPushNotification (0.28.0):
    - React/Core
  - React/RCTText (0.28.0):
    - React/Core
  - React/RCTVibration (0.28.0):
    - React/Core
  - React/RCTWebSocket (0.28.0):
    - React/Core

DEPENDENCIES:
  - CodePush (from `../node_modules/react-native-code-push`)
  - react-native-fbsdk/Core (from `../node_modules/react-native-fbsdk/iOS`)
  - react-native-fbsdk/Login (from `../node_modules/react-native-fbsdk/iOS`)
  - react-native-fbsdk/Share (from `../node_modules/react-native-fbsdk/iOS`)
  - React/Core (from `../node_modules/react-native`)
  - React/RCTActionSheet (from `../node_modules/react-native`)
  - React/RCTImage (from `../node_modules/react-native`)
  - React/RCTLinkingIOS (from `../node_modules/react-native`)
  - React/RCTNetwork (from `../node_modules/react-native`)
  - React/RCTPushNotification (from `../node_modules/react-native`)
  - React/RCTText (from `../node_modules/react-native`)
  - React/RCTVibration (from `../node_modules/react-native`)
  - React/RCTWebSocket (from `../node_modules/react-native`)

EXTERNAL SOURCES:
  CodePush:
    :path: ../node_modules/react-native-code-push
  React:
    :path: ../node_modules/react-native
  react-native-fbsdk:
    :path: ../node_modules/react-native-fbsdk/iOS

SPEC CHECKSUMS:
  Bolts: 8a7995239dbe724f9cba2248b766d48b7ebdd322
  CodePush: 96e1b7358f2305daf4fdf8436c0d23a172599de9
  FBSDKCoreKit: 6e020b5db0b5bd1e01f5fb0902131befd129a502
  FBSDKLoginKit: da563567a108050ef83739c8c8c001ee9e25fa13
  FBSDKShareKit: e8e5d4ccef69b41132fe33acda26db1e33143e33
  React: 43544faed4af6a0e8fbc4b3abd26141ed654fa49
  react-native-fbsdk: 999c4eec5c84ed4096cc75596a70cf82f8303329

PODFILE CHECKSUM: cb0411936cfdb2ef6ccae2a3fc8261c741029580

COCOAPODS: 1.0.1
